{
    "version": 3,
    "terraform_version": "0.11.8",
    "serial": 3,
    "lineage": "12ba3056-2323-7d87-faaa-b5e148633c2e",
    "modules": [
        {
            "path": [
                "root"
            ],
            "outputs": {
                "additional_zones": {
                    "sensitive": false,
                    "type": "list",
                    "value": [
                        "us-central1-b",
                        "us-central1-c"
                    ]
                },
                "client_certificate": {
                    "sensitive": false,
                    "type": "string",
                    "value": "LS0tLS1CRUdJTiBDRVJUSUZJQ0FURS0tLS0tCk1JSUMyakNDQWNLZ0F3SUJBZ0lRSm02QkoxbndIZHRZaHQ2dnFVSXRiekFOQmdrcWhraUc5dzBCQVFzRkFEQXYKTVMwd0t3WURWUVFERXlSaU9HRmxNV1ZtWkMwM01qTXhMVFEyTnpFdE9HTXhZeTFqWXpNNU1HRmhabU0wWVdRdwpIaGNOTVRrd01UQTNNVGN5TURRM1doY05NalF3TVRBMk1UY3lNRFEzV2pBUk1ROHdEUVlEVlFRREV3WmpiR2xsCmJuUXdnZ0VpTUEwR0NTcUdTSWIzRFFFQkFRVUFBNElCRHdBd2dnRUtBb0lCQVFEalp4R1ArSUxuTWU5YTdQYWEKWUVEV3NqTVpQSXhHL2IwcVBnQTZES05OM0JwK0NkYUlvd3VmVTNtOU9oVlZ4NVRMcVhIc2lMdG9pL2VDcEpibApEYVRXY1AzTHJOME1HY2d1aUFEQTdpVGtYV2t4dGlhTUhDWEF5T2N4TThCakJDazdrcWVQNUtRdEdyL0F2UFhBCjRBUnpqZ3MxVlh0dFJZa1B2RVdYNVRQZU91eCsxZlY2QThBckRnUDNqVG1xVWlrNDludFp0RzZEd2pCazRKUkMKUVpQRGhTUGJNcjRrb1dmQlVrQkhOcHFOOEhPTkJNd1JNZ2VPUjE0eWVoQ3pDZVJJTWN1Ky9McXcxcUgyd0VuOApvN21QZTJQTm9sL0VSbWVqWnFGVjlsZ3RoZktSWXVlNEw3TG5wQ2JWQ1BTaW0wRUlXT3BYU2ZzcXVNM0F2WTFvClJWL1ZBZ01CQUFHakVEQU9NQXdHQTFVZEV3RUIvd1FDTUFBd0RRWUpLb1pJaHZjTkFRRUxCUUFEZ2dFQkFESVEKRFdIMHQyVWFhQWFtbHI0aUtkVVEwbHFUV1NCc1EybVdzdEtidVhHTWw1a2xEL2NGWEFHNGZqeGxKVUtlSUpEbwpETDNiQUtjbXcvdUxqSVNkOEJqNzB1NWZCZU8vQnA0dUFpR2ZxTTRoUVJmTEZ6VHZ0dlVGQ002Z0ZDSGVwZlJsCkkxakJ1eWI2LzlkdmNQb01yaENtYnF6Vno1L1M2TVpvZHdwVG5rd2gwQm1BRE5TbzVJaG40VDd2SGpsY0UwL2gKcEp3WFViRnkxQ2lTVWkxVm1oWXUrRUtWeVlCL1ZqeHJrUkVUNEErQ05ZR1haTlBsYXhhWTRlSjFEcjVrWUhUdApEVVlrRUtzZjdDODFGdVBwY2NqdjV5d3lteGJ0WG5PbzFEWFNKVERRUlk3ek1JWlpQZWt5bDlBMVpDWDJFQ0JQCnJmVXZTRVR2Q0kzNmpTZTVwR0U9Ci0tLS0tRU5EIENFUlRJRklDQVRFLS0tLS0K"
                },
                "client_key": {
                    "sensitive": false,
                    "type": "string",
                    "value": "LS0tLS1CRUdJTiBSU0EgUFJJVkFURSBLRVktLS0tLQpNSUlFcEFJQkFBS0NBUUVBNDJjUmovaUM1ekh2V3V6Mm1tQkExckl6R1R5TVJ2MjlLajRBT2d5alRkd2FmZ25XCmlLTUxuMU41dlRvVlZjZVV5Nmx4N0lpN2FJdjNncVNXNVEyazFuRDl5NnpkREJuSUxvZ0F3TzRrNUYxcE1iWW0KakJ3bHdNam5NVFBBWXdRcE81S25qK1NrTFJxL3dMejF3T0FFYzQ0TE5WVjdiVVdKRDd4RmwrVXozanJzZnRYMQplZ1BBS3c0RDk0MDVxbElwT1BaN1diUnVnOEl3Wk9DVVFrR1R3NFVqMnpLK0pLRm53VkpBUnphYWpmQnpqUVRNCkVUSUhqa2RlTW5vUXN3bmtTREhMdnZ5NnNOYWg5c0JKL0tPNWozdGp6YUpmeEVabm8yYWhWZlpZTFlYeWtXTG4KdUMreTU2UW0xUWowb3B0QkNGanFWMG43S3JqTndMMk5hRVZmMVFJREFRQUJBb0lCQUJnTG5pZEtRS2xBQzA1aQoybmFiY1VVTkpjQm9PY1d6UkpmZFkzcHFrTEFGeUpxd05wK2tiSnV3ZGlIUFY2Y3czejBqMGRpUU9BK0hlLzRKClRRS3p0OHpodU1IRjFHcUMrcnNLTUM0MllFU2MwMUtVTDFlY1l2K1RkQ0xYUCtOdHlBc0thRmtibjZLUi9xOEcKTEE3MDFuT282WlYrVUUvNXpOTG9TN2JuMzdLdFRGYm1Jem9xT0wzdmxNd2JQY2hWSXpPdjZSeUVaZDVMcFIxUgp0NlZqeis3YUUvMEwvbmlBaXJlbVRTVG9iQ3ZUQVN1UFIybzJ3dzVrQXlmdjlOM2xtSElOaDRsZkdCenVxOWZkCkpCeXpnTU42aDJ4VWllbW5SR2pRTkp2WURPUUhBNWxseUVTSXRzdGdYSXY1R3hkZ1k5ajQ5UWYxZFNzdWorLzkKeDA2dXBRY0NnWUVBOU1rK1hNYktWYlNqdzdnUTJhRHFjVnZnekU1SUZHKzBjVFF2VUNSeGRidzJ4NVZmQnFzTApaNXlKaW9CcHFwRGZvZXpURHhhQzZXZzgyelNHVnA5bHBGUEJUVll5Z0lNYWtMVWlLMmtuSHdwTlZkQ2tUeDRsCnNMZkhlNktqWkRMUWc1Z0JVVmlBUm5Db1Q4eHByampzSVcvbVltUVlzNVZVS1Zqb1FJMU1oTzhDZ1lFQTdkSDEKUnFwOVRMc2doTnc5ajFIRlVqVGFwV0dBMXh6ZXRnWVpRN1RGVE1kRVo0WG5NTVJmdmxmcElsRGhUVDYxOTVBQwpjUUN2ekNCTTNRdWtGbllKaXkvMXFsZkdBUkRWOE9tY1dOMFo1eHQxMlMzWmFvQ3BpRFJoVytSbExtZnNucWdvCktWcHI5azJuQ3dkejd4SW9VaWxYRFd4c1lDSGhVTzE1WngzQWozc0NnWUVBbkltTlBkdEtUU0Nsa1dYR01NWDgKNXQwd2xyYUExY0RSallzbnJvSi9wQ0Rtang5d2sxMFNnQUhVMnlOZmIxb1NDUVRmdThoVGsxdTdmeHJKeGQ5TgpLcGI5Q0szVXdlWVZPUEQ4bHZJNXVGbm9OcmFrUEl3MDRodkVqOFhqNHhHejBsT0VsRGFhWVhGdDBRb1JrdjZICjBxSXluRDBTcHRVWjZ3OFdCeUhWQ3pVQ2dZRUFnS1hmUlFiZEdURHcrbTRaYnZvUS85TlBvNzhHNzFiU3N5ekIKWmZyWDhCeXJTRVVMTnpwRGdMZ1ZpVmF2U2hYdVlha3BhTyt5S1g0ZmxrUEIwOVN1ZlBqSXNBa2pOMWhnSXg1OApVU1hwNlRiVm5WSk1GbXpiU0s3dEs4UjFaNUVZVXdzc0RwSzNiRm05VHg0TS9QcVpqVGlIdXQ4NEVSakN4Z0J3CmQvT0VReGtDZ1lBb0phOUVtUWJybnJtYUh2bEtHQ2NwYStFY0NIUnRtanlRbmwxMlZEbkVHaWg5ZjV1cWRCdWsKb3dhOG1seTBzb0RDRTh3ejdXb0ZMVkF6TjlSQUhJcEFHeFFrRzA1b3Z3clpjMzRKM2JmOThEbVV5aWRMaDBHcgoyQ2VHWUQvQlRtVk4ySUNEUEhuenZ6TzdYODZ1NzdPSHdUWWoxRk5rQ1JSOExzMlNRb0ExSnc9PQotLS0tLUVORCBSU0EgUFJJVkFURSBLRVktLS0tLQo="
                },
                "cluster_ca_certificate": {
                    "sensitive": false,
                    "type": "string",
                    "value": "LS0tLS1CRUdJTiBDRVJUSUZJQ0FURS0tLS0tCk1JSURDekNDQWZPZ0F3SUJBZ0lRRWs2Smpyc1JjMzdraXRkblJvSGNqREFOQmdrcWhraUc5dzBCQVFzRkFEQXYKTVMwd0t3WURWUVFERXlSaU9HRmxNV1ZtWkMwM01qTXhMVFEyTnpFdE9HTXhZeTFqWXpNNU1HRmhabU0wWVdRdwpIaGNOTVRrd01UQTNNVFl5TURRMldoY05NalF3TVRBMk1UY3lNRFEyV2pBdk1TMHdLd1lEVlFRREV5UmlPR0ZsCk1XVm1aQzAzTWpNeExUUTJOekV0T0dNeFl5MWpZek01TUdGaFptTTBZV1F3Z2dFaU1BMEdDU3FHU0liM0RRRUIKQVFVQUE0SUJEd0F3Z2dFS0FvSUJBUURicVV4allleWpKNXpvN0doR2hMMWkxd3pEejVNdUU4MDdzMFpoOUx1cgo2TTR3dHF0Q05FM1JvOFZEL3d4YWJHeHRLYUhySGlHWWt4VlU0UFR3UGQwNXBwNVN6WThwcCtQOXVySTJJZkRiCmZpQ3JQSUJnSnd1TWdkQlpYMWxTOWpxaEo1L1lMczdiWnYwR1c1M3NZV1pmM2puY0ZzdVFhaFQ2RkM1WEw2NVgKUjNYM01xY3ZTWUhnZTdrbkJXSTI4cnh6bkVEL2wzVUNINmlpTlpTNlJuNVltZnZ2YytkU0xDc2lTYm1BRnloeQpXT1pPbGJJU2RoSUZLU0JuVGw2ejNFcEJFdkxrK25xcW5RNXM0WStZRmliS1JNRW4ySC9VMDczVlhDd092bG9sCmt4S3Z4b0IwVUVqYjdSM2J2dDJOK2w0cmFuUDJINU1NbTlubTdmSnVWZmZ6QWdNQkFBR2pJekFoTUE0R0ExVWQKRHdFQi93UUVBd0lDQkRBUEJnTlZIUk1CQWY4RUJUQURBUUgvTUEwR0NTcUdTSWIzRFFFQkN3VUFBNElCQVFBbwoyTTh0ZHJtY0UrMGxtcFVYUmZBUkhFNjh5RDJickMrbXlucGRkQ3hPU2tjNlRFZmN0dWM0aVJpcnE4aHZxVWZtClNjd3VqbW9IQ01wQ25MRWtXRjlITlNvOUxEbVdqbGZrU2I3YWFYaHB6bjNOV25VRkhGUFNEdGFSVm5hM3FVTi8KVGYyemw0bzlTZEhYTnJCcFNpTzl0U0FkKzdlUlZHdUh4TkFQL1czOXpaVHV5VmZvRXRmNTljZjBKamkza3BURAoxSG9YU2VsVmNzNHpmYXpWTUlhSDAyZ2lIdVZ3SUpvdVNQY3hRcGRYTlh5VlFlR2ZHM0wrSzlaaVR6UlF2akc2CjYyb1JIZW1iMmptV2RoYkxYMjdtNWpaVHYycmhtZGJqS0RSMkZ0ZU0reFU5N25NM3JLbFdDeEdtSnE0ZVZxR3AKdUkyeVUrdnV3Q1JnZFZxSjF0UlIKLS0tLS1FTkQgQ0VSVElGSUNBVEUtLS0tLQo="
                },
                "cluster_name": {
                    "sensitive": false,
                    "type": "string",
                    "value": "containers101"
                },
                "endpoint": {
                    "sensitive": false,
                    "type": "string",
                    "value": "35.224.118.92"
                },
                "node_version": {
                    "sensitive": false,
                    "type": "string",
                    "value": "1.11.5-gke.5"
                },
                "primary_zone": {
                    "sensitive": false,
                    "type": "string",
                    "value": "us-central1-a"
                }
            },
            "resources": {
                "google_container_cluster.primary": {
                    "type": "google_container_cluster",
                    "depends_on": [],
                    "primary": {
                        "id": "containers101",
                        "attributes": {
                            "additional_zones.#": "2",
                            "additional_zones.114014501": "us-central1-b",
                            "additional_zones.533760100": "us-central1-c",
                            "addons_config.#": "1",
                            "addons_config.0.horizontal_pod_autoscaling.#": "1",
                            "addons_config.0.horizontal_pod_autoscaling.0.disabled": "false",
                            "addons_config.0.http_load_balancing.#": "1",
                            "addons_config.0.http_load_balancing.0.disabled": "false",
                            "addons_config.0.kubernetes_dashboard.#": "1",
                            "addons_config.0.kubernetes_dashboard.0.disabled": "false",
                            "addons_config.0.network_policy_config.#": "1",
                            "addons_config.0.network_policy_config.0.disabled": "true",
                            "cluster_autoscaling.#": "0",
                            "cluster_ipv4_cidr": "10.30.0.0/16",
                            "description": "",
                            "enable_binary_authorization": "false",
                            "enable_kubernetes_alpha": "false",
                            "enable_legacy_abac": "false",
                            "enable_tpu": "false",
                            "endpoint": "35.224.118.92",
                            "id": "containers101",
                            "initial_node_count": "1",
                            "instance_group_urls.#": "3",
                            "instance_group_urls.0": "https://www.googleapis.com/compute/v1/projects/containers101-227912/zones/us-central1-b/instanceGroups/gke-containers101-containers101-nodes-a52ba68a-grp",
                            "instance_group_urls.1": "https://www.googleapis.com/compute/v1/projects/containers101-227912/zones/us-central1-c/instanceGroups/gke-containers101-containers101-nodes-ee501208-grp",
                            "instance_group_urls.2": "https://www.googleapis.com/compute/v1/projects/containers101-227912/zones/us-central1-a/instanceGroups/gke-containers101-containers101-nodes-7d140a33-grp",
                            "ip_allocation_policy.#": "0",
                            "logging_service": "logging.googleapis.com",
                            "maintenance_policy.#": "1",
                            "maintenance_policy.0.daily_maintenance_window.#": "1",
                            "maintenance_policy.0.daily_maintenance_window.0.duration": "PT4H0M0S",
                            "maintenance_policy.0.daily_maintenance_window.0.start_time": "02:00",
                            "master_auth.#": "1",
                            "master_auth.0.client_certificate": "LS0tLS1CRUdJTiBDRVJUSUZJQ0FURS0tLS0tCk1JSUMyakNDQWNLZ0F3SUJBZ0lRSm02QkoxbndIZHRZaHQ2dnFVSXRiekFOQmdrcWhraUc5dzBCQVFzRkFEQXYKTVMwd0t3WURWUVFERXlSaU9HRmxNV1ZtWkMwM01qTXhMVFEyTnpFdE9HTXhZeTFqWXpNNU1HRmhabU0wWVdRdwpIaGNOTVRrd01UQTNNVGN5TURRM1doY05NalF3TVRBMk1UY3lNRFEzV2pBUk1ROHdEUVlEVlFRREV3WmpiR2xsCmJuUXdnZ0VpTUEwR0NTcUdTSWIzRFFFQkFRVUFBNElCRHdBd2dnRUtBb0lCQVFEalp4R1ArSUxuTWU5YTdQYWEKWUVEV3NqTVpQSXhHL2IwcVBnQTZES05OM0JwK0NkYUlvd3VmVTNtOU9oVlZ4NVRMcVhIc2lMdG9pL2VDcEpibApEYVRXY1AzTHJOME1HY2d1aUFEQTdpVGtYV2t4dGlhTUhDWEF5T2N4TThCakJDazdrcWVQNUtRdEdyL0F2UFhBCjRBUnpqZ3MxVlh0dFJZa1B2RVdYNVRQZU91eCsxZlY2QThBckRnUDNqVG1xVWlrNDludFp0RzZEd2pCazRKUkMKUVpQRGhTUGJNcjRrb1dmQlVrQkhOcHFOOEhPTkJNd1JNZ2VPUjE0eWVoQ3pDZVJJTWN1Ky9McXcxcUgyd0VuOApvN21QZTJQTm9sL0VSbWVqWnFGVjlsZ3RoZktSWXVlNEw3TG5wQ2JWQ1BTaW0wRUlXT3BYU2ZzcXVNM0F2WTFvClJWL1ZBZ01CQUFHakVEQU9NQXdHQTFVZEV3RUIvd1FDTUFBd0RRWUpLb1pJaHZjTkFRRUxCUUFEZ2dFQkFESVEKRFdIMHQyVWFhQWFtbHI0aUtkVVEwbHFUV1NCc1EybVdzdEtidVhHTWw1a2xEL2NGWEFHNGZqeGxKVUtlSUpEbwpETDNiQUtjbXcvdUxqSVNkOEJqNzB1NWZCZU8vQnA0dUFpR2ZxTTRoUVJmTEZ6VHZ0dlVGQ002Z0ZDSGVwZlJsCkkxakJ1eWI2LzlkdmNQb01yaENtYnF6Vno1L1M2TVpvZHdwVG5rd2gwQm1BRE5TbzVJaG40VDd2SGpsY0UwL2gKcEp3WFViRnkxQ2lTVWkxVm1oWXUrRUtWeVlCL1ZqeHJrUkVUNEErQ05ZR1haTlBsYXhhWTRlSjFEcjVrWUhUdApEVVlrRUtzZjdDODFGdVBwY2NqdjV5d3lteGJ0WG5PbzFEWFNKVERRUlk3ek1JWlpQZWt5bDlBMVpDWDJFQ0JQCnJmVXZTRVR2Q0kzNmpTZTVwR0U9Ci0tLS0tRU5EIENFUlRJRklDQVRFLS0tLS0K",
                            "master_auth.0.client_certificate_config.#": "0",
                            "master_auth.0.client_key": "LS0tLS1CRUdJTiBSU0EgUFJJVkFURSBLRVktLS0tLQpNSUlFcEFJQkFBS0NBUUVBNDJjUmovaUM1ekh2V3V6Mm1tQkExckl6R1R5TVJ2MjlLajRBT2d5alRkd2FmZ25XCmlLTUxuMU41dlRvVlZjZVV5Nmx4N0lpN2FJdjNncVNXNVEyazFuRDl5NnpkREJuSUxvZ0F3TzRrNUYxcE1iWW0KakJ3bHdNam5NVFBBWXdRcE81S25qK1NrTFJxL3dMejF3T0FFYzQ0TE5WVjdiVVdKRDd4RmwrVXozanJzZnRYMQplZ1BBS3c0RDk0MDVxbElwT1BaN1diUnVnOEl3Wk9DVVFrR1R3NFVqMnpLK0pLRm53VkpBUnphYWpmQnpqUVRNCkVUSUhqa2RlTW5vUXN3bmtTREhMdnZ5NnNOYWg5c0JKL0tPNWozdGp6YUpmeEVabm8yYWhWZlpZTFlYeWtXTG4KdUMreTU2UW0xUWowb3B0QkNGanFWMG43S3JqTndMMk5hRVZmMVFJREFRQUJBb0lCQUJnTG5pZEtRS2xBQzA1aQoybmFiY1VVTkpjQm9PY1d6UkpmZFkzcHFrTEFGeUpxd05wK2tiSnV3ZGlIUFY2Y3czejBqMGRpUU9BK0hlLzRKClRRS3p0OHpodU1IRjFHcUMrcnNLTUM0MllFU2MwMUtVTDFlY1l2K1RkQ0xYUCtOdHlBc0thRmtibjZLUi9xOEcKTEE3MDFuT282WlYrVUUvNXpOTG9TN2JuMzdLdFRGYm1Jem9xT0wzdmxNd2JQY2hWSXpPdjZSeUVaZDVMcFIxUgp0NlZqeis3YUUvMEwvbmlBaXJlbVRTVG9iQ3ZUQVN1UFIybzJ3dzVrQXlmdjlOM2xtSElOaDRsZkdCenVxOWZkCkpCeXpnTU42aDJ4VWllbW5SR2pRTkp2WURPUUhBNWxseUVTSXRzdGdYSXY1R3hkZ1k5ajQ5UWYxZFNzdWorLzkKeDA2dXBRY0NnWUVBOU1rK1hNYktWYlNqdzdnUTJhRHFjVnZnekU1SUZHKzBjVFF2VUNSeGRidzJ4NVZmQnFzTApaNXlKaW9CcHFwRGZvZXpURHhhQzZXZzgyelNHVnA5bHBGUEJUVll5Z0lNYWtMVWlLMmtuSHdwTlZkQ2tUeDRsCnNMZkhlNktqWkRMUWc1Z0JVVmlBUm5Db1Q4eHByampzSVcvbVltUVlzNVZVS1Zqb1FJMU1oTzhDZ1lFQTdkSDEKUnFwOVRMc2doTnc5ajFIRlVqVGFwV0dBMXh6ZXRnWVpRN1RGVE1kRVo0WG5NTVJmdmxmcElsRGhUVDYxOTVBQwpjUUN2ekNCTTNRdWtGbllKaXkvMXFsZkdBUkRWOE9tY1dOMFo1eHQxMlMzWmFvQ3BpRFJoVytSbExtZnNucWdvCktWcHI5azJuQ3dkejd4SW9VaWxYRFd4c1lDSGhVTzE1WngzQWozc0NnWUVBbkltTlBkdEtUU0Nsa1dYR01NWDgKNXQwd2xyYUExY0RSallzbnJvSi9wQ0Rtang5d2sxMFNnQUhVMnlOZmIxb1NDUVRmdThoVGsxdTdmeHJKeGQ5TgpLcGI5Q0szVXdlWVZPUEQ4bHZJNXVGbm9OcmFrUEl3MDRodkVqOFhqNHhHejBsT0VsRGFhWVhGdDBRb1JrdjZICjBxSXluRDBTcHRVWjZ3OFdCeUhWQ3pVQ2dZRUFnS1hmUlFiZEdURHcrbTRaYnZvUS85TlBvNzhHNzFiU3N5ekIKWmZyWDhCeXJTRVVMTnpwRGdMZ1ZpVmF2U2hYdVlha3BhTyt5S1g0ZmxrUEIwOVN1ZlBqSXNBa2pOMWhnSXg1OApVU1hwNlRiVm5WSk1GbXpiU0s3dEs4UjFaNUVZVXdzc0RwSzNiRm05VHg0TS9QcVpqVGlIdXQ4NEVSakN4Z0J3CmQvT0VReGtDZ1lBb0phOUVtUWJybnJtYUh2bEtHQ2NwYStFY0NIUnRtanlRbmwxMlZEbkVHaWg5ZjV1cWRCdWsKb3dhOG1seTBzb0RDRTh3ejdXb0ZMVkF6TjlSQUhJcEFHeFFrRzA1b3Z3clpjMzRKM2JmOThEbVV5aWRMaDBHcgoyQ2VHWUQvQlRtVk4ySUNEUEhuenZ6TzdYODZ1NzdPSHdUWWoxRk5rQ1JSOExzMlNRb0ExSnc9PQotLS0tLUVORCBSU0EgUFJJVkFURSBLRVktLS0tLQo=",
                            "master_auth.0.cluster_ca_certificate": "LS0tLS1CRUdJTiBDRVJUSUZJQ0FURS0tLS0tCk1JSURDekNDQWZPZ0F3SUJBZ0lRRWs2Smpyc1JjMzdraXRkblJvSGNqREFOQmdrcWhraUc5dzBCQVFzRkFEQXYKTVMwd0t3WURWUVFERXlSaU9HRmxNV1ZtWkMwM01qTXhMVFEyTnpFdE9HTXhZeTFqWXpNNU1HRmhabU0wWVdRdwpIaGNOTVRrd01UQTNNVFl5TURRMldoY05NalF3TVRBMk1UY3lNRFEyV2pBdk1TMHdLd1lEVlFRREV5UmlPR0ZsCk1XVm1aQzAzTWpNeExUUTJOekV0T0dNeFl5MWpZek01TUdGaFptTTBZV1F3Z2dFaU1BMEdDU3FHU0liM0RRRUIKQVFVQUE0SUJEd0F3Z2dFS0FvSUJBUURicVV4allleWpKNXpvN0doR2hMMWkxd3pEejVNdUU4MDdzMFpoOUx1cgo2TTR3dHF0Q05FM1JvOFZEL3d4YWJHeHRLYUhySGlHWWt4VlU0UFR3UGQwNXBwNVN6WThwcCtQOXVySTJJZkRiCmZpQ3JQSUJnSnd1TWdkQlpYMWxTOWpxaEo1L1lMczdiWnYwR1c1M3NZV1pmM2puY0ZzdVFhaFQ2RkM1WEw2NVgKUjNYM01xY3ZTWUhnZTdrbkJXSTI4cnh6bkVEL2wzVUNINmlpTlpTNlJuNVltZnZ2YytkU0xDc2lTYm1BRnloeQpXT1pPbGJJU2RoSUZLU0JuVGw2ejNFcEJFdkxrK25xcW5RNXM0WStZRmliS1JNRW4ySC9VMDczVlhDd092bG9sCmt4S3Z4b0IwVUVqYjdSM2J2dDJOK2w0cmFuUDJINU1NbTlubTdmSnVWZmZ6QWdNQkFBR2pJekFoTUE0R0ExVWQKRHdFQi93UUVBd0lDQkRBUEJnTlZIUk1CQWY4RUJUQURBUUgvTUEwR0NTcUdTSWIzRFFFQkN3VUFBNElCQVFBbwoyTTh0ZHJtY0UrMGxtcFVYUmZBUkhFNjh5RDJickMrbXlucGRkQ3hPU2tjNlRFZmN0dWM0aVJpcnE4aHZxVWZtClNjd3VqbW9IQ01wQ25MRWtXRjlITlNvOUxEbVdqbGZrU2I3YWFYaHB6bjNOV25VRkhGUFNEdGFSVm5hM3FVTi8KVGYyemw0bzlTZEhYTnJCcFNpTzl0U0FkKzdlUlZHdUh4TkFQL1czOXpaVHV5VmZvRXRmNTljZjBKamkza3BURAoxSG9YU2VsVmNzNHpmYXpWTUlhSDAyZ2lIdVZ3SUpvdVNQY3hRcGRYTlh5VlFlR2ZHM0wrSzlaaVR6UlF2akc2CjYyb1JIZW1iMmptV2RoYkxYMjdtNWpaVHYycmhtZGJqS0RSMkZ0ZU0reFU5N25NM3JLbFdDeEdtSnE0ZVZxR3AKdUkyeVUrdnV3Q1JnZFZxSjF0UlIKLS0tLS1FTkQgQ0VSVElGSUNBVEUtLS0tLQo=",
                            "master_auth.0.password": "BurwoodContainers101Workshop",
                            "master_auth.0.username": "kubeadmin",
                            "master_authorized_networks_config.#": "0",
                            "master_ipv4_cidr_block": "",
                            "master_version": "1.11.5-gke.5",
                            "min_master_version": "1.11.5-gke.5",
                            "monitoring_service": "monitoring.googleapis.com",
                            "name": "containers101",
                            "network": "projects/containers101-227912/global/networks/default",
                            "network_policy.#": "1",
                            "network_policy.0.enabled": "false",
                            "network_policy.0.provider": "PROVIDER_UNSPECIFIED",
                            "node_config.#": "1",
                            "node_config.0.disk_size_gb": "50",
                            "node_config.0.disk_type": "pd-standard",
                            "node_config.0.guest_accelerator.#": "0",
                            "node_config.0.image_type": "COS",
                            "node_config.0.labels.%": "1",
                            "node_config.0.labels.purpose": "default",
                            "node_config.0.local_ssd_count": "0",
                            "node_config.0.machine_type": "n1-standard-2",
                            "node_config.0.metadata.%": "0",
                            "node_config.0.min_cpu_platform": "",
                            "node_config.0.oauth_scopes.#": "4",
                            "node_config.0.oauth_scopes.1277378754": "https://www.googleapis.com/auth/monitoring",
                            "node_config.0.oauth_scopes.1328717722": "https://www.googleapis.com/auth/devstorage.read_write",
                            "node_config.0.oauth_scopes.172152165": "https://www.googleapis.com/auth/logging.write",
                            "node_config.0.oauth_scopes.299962681": "https://www.googleapis.com/auth/compute",
                            "node_config.0.preemptible": "true",
                            "node_config.0.service_account": "default",
                            "node_config.0.tags.#": "0",
                            "node_config.0.taint.#": "0",
                            "node_config.0.workload_metadata_config.#": "0",
                            "node_pool.#": "1",
                            "node_pool.0.autoscaling.#": "1",
                            "node_pool.0.autoscaling.0.max_node_count": "5",
                            "node_pool.0.autoscaling.0.min_node_count": "1",
                            "node_pool.0.initial_node_count": "2",
                            "node_pool.0.instance_group_urls.#": "3",
                            "node_pool.0.instance_group_urls.0": "https://www.googleapis.com/compute/v1/projects/containers101-227912/zones/us-central1-b/instanceGroupManagers/gke-containers101-containers101-nodes-a52ba68a-grp",
                            "node_pool.0.instance_group_urls.1": "https://www.googleapis.com/compute/v1/projects/containers101-227912/zones/us-central1-c/instanceGroupManagers/gke-containers101-containers101-nodes-ee501208-grp",
                            "node_pool.0.instance_group_urls.2": "https://www.googleapis.com/compute/v1/projects/containers101-227912/zones/us-central1-a/instanceGroupManagers/gke-containers101-containers101-nodes-7d140a33-grp",
                            "node_pool.0.management.#": "1",
                            "node_pool.0.management.0.auto_repair": "false",
                            "node_pool.0.management.0.auto_upgrade": "false",
                            "node_pool.0.max_pods_per_node": "0",
                            "node_pool.0.name": "containers101-nodes",
                            "node_pool.0.name_prefix": "",
                            "node_pool.0.node_config.#": "1",
                            "node_pool.0.node_config.0.disk_size_gb": "50",
                            "node_pool.0.node_config.0.disk_type": "pd-standard",
                            "node_pool.0.node_config.0.guest_accelerator.#": "0",
                            "node_pool.0.node_config.0.image_type": "COS",
                            "node_pool.0.node_config.0.labels.%": "1",
                            "node_pool.0.node_config.0.labels.purpose": "default",
                            "node_pool.0.node_config.0.local_ssd_count": "0",
                            "node_pool.0.node_config.0.machine_type": "n1-standard-2",
                            "node_pool.0.node_config.0.metadata.%": "0",
                            "node_pool.0.node_config.0.min_cpu_platform": "",
                            "node_pool.0.node_config.0.oauth_scopes.#": "4",
                            "node_pool.0.node_config.0.oauth_scopes.1277378754": "https://www.googleapis.com/auth/monitoring",
                            "node_pool.0.node_config.0.oauth_scopes.1328717722": "https://www.googleapis.com/auth/devstorage.read_write",
                            "node_pool.0.node_config.0.oauth_scopes.172152165": "https://www.googleapis.com/auth/logging.write",
                            "node_pool.0.node_config.0.oauth_scopes.299962681": "https://www.googleapis.com/auth/compute",
                            "node_pool.0.node_config.0.preemptible": "true",
                            "node_pool.0.node_config.0.service_account": "default",
                            "node_pool.0.node_config.0.tags.#": "0",
                            "node_pool.0.node_config.0.taint.#": "0",
                            "node_pool.0.node_config.0.workload_metadata_config.#": "0",
                            "node_pool.0.node_count": "1",
                            "node_pool.0.version": "1.11.5-gke.5",
                            "node_version": "1.11.5-gke.5",
                            "pod_security_policy_config.#": "0",
                            "private_cluster": "false",
                            "private_cluster_config.#": "0",
                            "project": "containers101-227912",
                            "resource_labels.%": "0",
                            "subnetwork": "projects/containers101-227912/regions/us-central1/subnetworks/default",
                            "zone": "us-central1-a"
                        },
                        "meta": {
                            "e2bfb730-ecaa-11e6-8f88-34363bc7c4c0": {
                                "create": 600000000000,
                                "delete": 1800000000000,
                                "update": 7200000000000
                            },
                            "schema_version": "1"
                        },
                        "tainted": false
                    },
                    "deposed": [],
                    "provider": "provider.google"
                },
                "google_container_node_pool.pool": {
                    "type": "google_container_node_pool",
                    "depends_on": [
                        "google_container_cluster.primary",
                        "null_resource.default_cluster_deleter"
                    ],
                    "primary": {
                        "id": "us-central1-a/containers101/containers101-nodes",
                        "attributes": {
                            "autoscaling.#": "1",
                            "autoscaling.0.max_node_count": "5",
                            "autoscaling.0.min_node_count": "1",
                            "cluster": "containers101",
                            "id": "us-central1-a/containers101/containers101-nodes",
                            "initial_node_count": "2",
                            "instance_group_urls.#": "3",
                            "instance_group_urls.0": "https://www.googleapis.com/compute/v1/projects/containers101-227912/zones/us-central1-b/instanceGroupManagers/gke-containers101-containers101-nodes-a52ba68a-grp",
                            "instance_group_urls.1": "https://www.googleapis.com/compute/v1/projects/containers101-227912/zones/us-central1-c/instanceGroupManagers/gke-containers101-containers101-nodes-ee501208-grp",
                            "instance_group_urls.2": "https://www.googleapis.com/compute/v1/projects/containers101-227912/zones/us-central1-a/instanceGroupManagers/gke-containers101-containers101-nodes-7d140a33-grp",
                            "management.#": "1",
                            "management.0.auto_repair": "false",
                            "management.0.auto_upgrade": "false",
                            "name": "containers101-nodes",
                            "name_prefix": "",
                            "node_config.#": "1",
                            "node_config.0.disk_size_gb": "50",
                            "node_config.0.disk_type": "pd-standard",
                            "node_config.0.guest_accelerator.#": "0",
                            "node_config.0.image_type": "COS",
                            "node_config.0.labels.%": "1",
                            "node_config.0.labels.purpose": "default",
                            "node_config.0.local_ssd_count": "0",
                            "node_config.0.machine_type": "n1-standard-2",
                            "node_config.0.metadata.%": "0",
                            "node_config.0.min_cpu_platform": "",
                            "node_config.0.oauth_scopes.#": "4",
                            "node_config.0.oauth_scopes.1277378754": "https://www.googleapis.com/auth/monitoring",
                            "node_config.0.oauth_scopes.1328717722": "https://www.googleapis.com/auth/devstorage.read_write",
                            "node_config.0.oauth_scopes.172152165": "https://www.googleapis.com/auth/logging.write",
                            "node_config.0.oauth_scopes.299962681": "https://www.googleapis.com/auth/compute",
                            "node_config.0.preemptible": "true",
                            "node_config.0.service_account": "default",
                            "node_config.0.tags.#": "0",
                            "node_config.0.taint.#": "0",
                            "node_config.0.workload_metadata_config.#": "0",
                            "node_count": "1",
                            "project": "containers101-227912",
                            "version": "1.11.5-gke.5",
                            "zone": "us-central1-a"
                        },
                        "meta": {
                            "e2bfb730-ecaa-11e6-8f88-34363bc7c4c0": {
                                "create": 1800000000000,
                                "delete": 600000000000,
                                "update": 600000000000
                            },
                            "schema_version": "1"
                        },
                        "tainted": false
                    },
                    "deposed": [],
                    "provider": "provider.google"
                },
                "null_resource.default_cluster_deleter": {
                    "type": "null_resource",
                    "depends_on": [
                        "google_container_cluster.primary"
                    ],
                    "primary": {
                        "id": "8600226029516198102",
                        "attributes": {
                            "id": "8600226029516198102"
                        },
                        "meta": {},
                        "tainted": false
                    },
                    "deposed": [],
                    "provider": "provider.null"
                }
            },
            "depends_on": []
        }
    ]
}
